<?xml version="1.0" encoding="utf-8"?>
<Project ToolsVersion="4.0" xmlns="http://schemas.microsoft.com/developer/msbuild/2003">
  <ItemGroup>
    <Filter Include="리소스 파일">
      <UniqueIdentifier>{67DA6AB6-F800-4c08-8B7A-83BB121AAD01}</UniqueIdentifier>
      <Extensions>rc;ico;cur;bmp;dlg;rc2;rct;bin;rgs;gif;jpg;jpeg;jpe;resx;tiff;tif;png;wav;mfcribbon-ms</Extensions>
    </Filter>
    <Filter Include="Default">
      <UniqueIdentifier>{c7364909-0eed-4d67-ad70-2f420ba7ebf2}</UniqueIdentifier>
    </Filter>
    <Filter Include="Game">
      <UniqueIdentifier>{99561fdc-21cd-4ed6-99a2-a82173cd9c6f}</UniqueIdentifier>
    </Filter>
    <Filter Include="Game\01. Header">
      <UniqueIdentifier>{14044fcb-e231-4bd8-98b5-bcceff7b11f3}</UniqueIdentifier>
    </Filter>
    <Filter Include="Game\02. Engine">
      <UniqueIdentifier>{24eafdb0-6783-4f13-b551-d4529d289b3d}</UniqueIdentifier>
    </Filter>
    <Filter Include="Game\03. Manager">
      <UniqueIdentifier>{69226821-a31d-499a-8b60-f8754a6ff127}</UniqueIdentifier>
    </Filter>
    <Filter Include="Game\04. Object">
      <UniqueIdentifier>{84732932-3733-4ceb-a300-b930784b21be}</UniqueIdentifier>
    </Filter>
    <Filter Include="Game\05. Level">
      <UniqueIdentifier>{b5f1b72a-9616-437c-b39d-70ef5114e579}</UniqueIdentifier>
    </Filter>
    <Filter Include="Game\03. Manager\TimeManager">
      <UniqueIdentifier>{6bb95fc8-e3ef-46c5-b6ca-498b93dfbb57}</UniqueIdentifier>
    </Filter>
    <Filter Include="Game\03. Manager\KeyManager">
      <UniqueIdentifier>{48b54f9b-8b3b-4614-ab4c-15d6b261a73f}</UniqueIdentifier>
    </Filter>
    <Filter Include="Game\04. Object\Monster">
      <UniqueIdentifier>{837e8a10-f7a8-4b5f-a980-bfa5f9ab53ae}</UniqueIdentifier>
    </Filter>
    <Filter Include="Game\03. Manager\LevelManager">
      <UniqueIdentifier>{1a379583-4016-4fe9-9b91-ea88476851d4}</UniqueIdentifier>
    </Filter>
    <Filter Include="Game\04. Object\Projectile">
      <UniqueIdentifier>{33fd0346-f085-49a7-af0a-b0579893e99a}</UniqueIdentifier>
    </Filter>
    <Filter Include="Game\03. Manager\PathManager">
      <UniqueIdentifier>{a6d4cb22-48fa-4bc2-aa2f-9ac6a1727be3}</UniqueIdentifier>
    </Filter>
    <Filter Include="Game\03. Manager\TaskManager">
      <UniqueIdentifier>{c003db1e-c736-4a85-aa85-6429858f4987}</UniqueIdentifier>
    </Filter>
    <Filter Include="Game\03. Manager\Camera">
      <UniqueIdentifier>{902d5945-b98d-4b5c-9076-8cd5f5d6621e}</UniqueIdentifier>
    </Filter>
    <Filter Include="Game\06. Component">
      <UniqueIdentifier>{4356f0f5-8079-468b-b696-69c74f6108c6}</UniqueIdentifier>
    </Filter>
    <Filter Include="Game\06. Component\Collider">
      <UniqueIdentifier>{70eb2681-1cca-413a-9fa9-7adb36d1e888}</UniqueIdentifier>
    </Filter>
    <Filter Include="Game\06. Component\Animator">
      <UniqueIdentifier>{8a15753a-d5e7-4793-8d33-eaa6db25020b}</UniqueIdentifier>
    </Filter>
    <Filter Include="Game\06. Component\Movement">
      <UniqueIdentifier>{9b20c6fc-5f72-4ccf-af94-00967dbb7f45}</UniqueIdentifier>
    </Filter>
    <Filter Include="Game\03. Manager\CollisionManager">
      <UniqueIdentifier>{a8fdf6c8-6e2c-41ca-8fff-82fdc1b152b5}</UniqueIdentifier>
    </Filter>
    <Filter Include="Game\03. Manager\GCManager">
      <UniqueIdentifier>{21b78632-6fd2-4499-bf8b-170fbc7aaa14}</UniqueIdentifier>
    </Filter>
    <Filter Include="Game\07. Asset">
      <UniqueIdentifier>{858a6ee2-3c1f-49d7-96c9-d8eb589546ef}</UniqueIdentifier>
    </Filter>
    <Filter Include="Game\03. Manager\AssetManager">
      <UniqueIdentifier>{dde2084d-a3a6-44f7-9515-cb6e4155cec2}</UniqueIdentifier>
    </Filter>
    <Filter Include="Game\07. Asset\Texture">
      <UniqueIdentifier>{594ec6bd-23d3-47dd-b972-7a56f91e3072}</UniqueIdentifier>
    </Filter>
    <Filter Include="Game\07. Asset\Sound">
      <UniqueIdentifier>{4c40f270-74c4-42e2-af1a-851f389b2da8}</UniqueIdentifier>
    </Filter>
    <Filter Include="Game\06. Component\Animator\Animation">
      <UniqueIdentifier>{0bde55d3-c92a-43e8-a0be-8a388807e876}</UniqueIdentifier>
    </Filter>
    <Filter Include="Game\03. Manager\LogManager">
      <UniqueIdentifier>{d465edc0-d476-4737-a072-f2e92fcca6d7}</UniqueIdentifier>
    </Filter>
    <Filter Include="Game\05. Level\PlayLevel">
      <UniqueIdentifier>{654c4876-18fc-4502-a072-6210bb271d65}</UniqueIdentifier>
    </Filter>
    <Filter Include="Game\04. Object\Tile">
      <UniqueIdentifier>{af43a641-2fd2-4046-a432-cf5049aa2019}</UniqueIdentifier>
    </Filter>
    <Filter Include="Game\04. Object\UI">
      <UniqueIdentifier>{a117e0ff-d712-4396-b06c-0988a7d5d54e}</UniqueIdentifier>
    </Filter>
    <Filter Include="Game\04. Object\UI\PanelUI">
      <UniqueIdentifier>{8411ebdc-2930-4360-b92c-dd3c1fc41000}</UniqueIdentifier>
    </Filter>
    <Filter Include="Game\03. Manager\SoundManager">
      <UniqueIdentifier>{8bfaf346-d3d6-4b2e-bb86-92d27bce2a58}</UniqueIdentifier>
    </Filter>
    <Filter Include="Game\06. Component\StateMachine">
      <UniqueIdentifier>{d064a8cb-2cf6-4160-84e4-d32dfa65f322}</UniqueIdentifier>
    </Filter>
    <Filter Include="Game\08. State">
      <UniqueIdentifier>{6325992b-7ee1-4767-b41b-49fd9d9fe308}</UniqueIdentifier>
    </Filter>
    <Filter Include="Game\08. State\NormalMonster">
      <UniqueIdentifier>{4dae5295-3434-49aa-ac92-7097c9342d96}</UniqueIdentifier>
    </Filter>
    <Filter Include="Game\08. State\NormalMonster\Idle">
      <UniqueIdentifier>{6e55b5b4-5408-4173-845a-56b9a74a7557}</UniqueIdentifier>
    </Filter>
    <Filter Include="Game\08. State\NormalMonster\Trace">
      <UniqueIdentifier>{06aad7fe-4c3f-45ea-9649-5f70f7ea197f}</UniqueIdentifier>
    </Filter>
    <Filter Include="Game\05. Level\TitleLevel">
      <UniqueIdentifier>{fd43a83a-9ba1-44e2-a3c3-31af60fc056b}</UniqueIdentifier>
    </Filter>
    <Filter Include="Game\05. Level\Mainmenu">
      <UniqueIdentifier>{4508e490-65b4-4bd2-a5c5-31a058a08105}</UniqueIdentifier>
    </Filter>
    <Filter Include="Game\04. Object\UI\SelecBtn">
      <UniqueIdentifier>{54c55484-e7a5-4998-bc40-f677fab771f4}</UniqueIdentifier>
    </Filter>
    <Filter Include="Game\04. Object\Penitent">
      <UniqueIdentifier>{65e53f93-3ff1-4f90-b518-5867b84612ad}</UniqueIdentifier>
    </Filter>
    <Filter Include="Game\04. Object\UI\Image">
      <UniqueIdentifier>{12c5e614-1409-4bc0-94ea-42c9d445fb9c}</UniqueIdentifier>
    </Filter>
    <Filter Include="Game\08. State\Penitent">
      <UniqueIdentifier>{02169691-f979-4e7a-9293-63284440f94b}</UniqueIdentifier>
    </Filter>
    <Filter Include="Game\08. State\Penitent\Idle">
      <UniqueIdentifier>{80a489b3-e74b-406f-88f2-dce5f80f202f}</UniqueIdentifier>
    </Filter>
    <Filter Include="Game\08. State\Penitent\Run">
      <UniqueIdentifier>{60ca792a-c534-4e59-b8fc-e4accf26b08b}</UniqueIdentifier>
    </Filter>
    <Filter Include="Game\08. State\Penitent\StartRun">
      <UniqueIdentifier>{bea98e16-3583-4d6a-84cf-3e44a31d4a9b}</UniqueIdentifier>
    </Filter>
    <Filter Include="Game\08. State\Penitent\StopRun">
      <UniqueIdentifier>{9c13ebc1-a9d1-43ea-b503-af0ca237f428}</UniqueIdentifier>
    </Filter>
    <Filter Include="Game\08. State\Penitent\Jump">
      <UniqueIdentifier>{b360a8e8-db6d-4103-bd15-c70b214c0d74}</UniqueIdentifier>
    </Filter>
    <Filter Include="Game\08. State\Penitent\JumpForward">
      <UniqueIdentifier>{59efe1a0-1a5e-4830-92c0-b65c9867c3fa}</UniqueIdentifier>
    </Filter>
    <Filter Include="Game\08. State\Penitent\Fall">
      <UniqueIdentifier>{8e5827c1-04c4-4754-bdd6-d7fcd637b95c}</UniqueIdentifier>
    </Filter>
    <Filter Include="Game\08. State\Penitent\ForwardFall">
      <UniqueIdentifier>{579abb5c-7b0a-46da-bdde-4494f4bbc05a}</UniqueIdentifier>
    </Filter>
    <Filter Include="Game\08. State\Penitent\Attack">
      <UniqueIdentifier>{da62f74b-287b-46f5-95b9-2b2909850f5c}</UniqueIdentifier>
    </Filter>
    <Filter Include="Game\08. State\Penitent\FallingAhead">
      <UniqueIdentifier>{82942247-f537-4325-b16b-ff0f0d598d81}</UniqueIdentifier>
    </Filter>
    <Filter Include="Game\08. State\Penitent\Rising">
      <UniqueIdentifier>{7688b08a-19ed-4401-a6a0-f122d4b8db64}</UniqueIdentifier>
    </Filter>
    <Filter Include="Game\08. State\Penitent\UpwardAttackJump">
      <UniqueIdentifier>{5aa63e75-93bd-4991-9ae9-c8d9870a7cee}</UniqueIdentifier>
    </Filter>
    <Filter Include="Game\08. State\Penitent\UpwardAttack">
      <UniqueIdentifier>{79a10eb7-4e90-498a-b5bb-0278c1ba326f}</UniqueIdentifier>
    </Filter>
    <Filter Include="Game\08. State\Penitent\DodgeToRun">
      <UniqueIdentifier>{a536d573-5054-4ea4-9b3d-e00a96e76da0}</UniqueIdentifier>
    </Filter>
    <Filter Include="Game\08. State\Penitent\Dodge">
      <UniqueIdentifier>{8f7c3ada-3a39-4e6a-825f-840e3460c388}</UniqueIdentifier>
    </Filter>
    <Filter Include="Game\08. State\Penitent\JumpAttack">
      <UniqueIdentifier>{524b6289-cd2e-430c-9a38-7609f5001e62}</UniqueIdentifier>
    </Filter>
    <Filter Include="Game\08. State\Penitent\HealthPotion">
      <UniqueIdentifier>{76bace59-d385-4c28-9049-3b64ecb8dd37}</UniqueIdentifier>
    </Filter>
    <Filter Include="Game\08. State\Penitent\Crouch">
      <UniqueIdentifier>{fae3d229-0972-4d6b-968d-21582365bea8}</UniqueIdentifier>
    </Filter>
    <Filter Include="Game\08. State\Penitent\CrouchUp">
      <UniqueIdentifier>{72594432-adaf-4b16-9312-9a2e9c2592f0}</UniqueIdentifier>
    </Filter>
    <Filter Include="Game\08. State\Penitent\CrouchATT">
      <UniqueIdentifier>{97bf674a-39df-49e1-b086-3cf6cadd77b9}</UniqueIdentifier>
    </Filter>
    <Filter Include="Game\08. State\Penitent\Crouching">
      <UniqueIdentifier>{acbc461c-5cc8-4b44-bd5f-0f932966e34c}</UniqueIdentifier>
    </Filter>
    <Filter Include="Game\08. State\Penitent\Death">
      <UniqueIdentifier>{af0c1027-4d03-40b0-9fdd-a9b5a7959171}</UniqueIdentifier>
    </Filter>
    <Filter Include="Game\05. Level\Stage01">
      <UniqueIdentifier>{5ffbe728-fbb6-4d59-80d7-8cebff88f01f}</UniqueIdentifier>
    </Filter>
    <Filter Include="Game\05. Level\Stage01\Stage01-1">
      <UniqueIdentifier>{6d6a4696-4c3a-4639-bc53-b3e348136b05}</UniqueIdentifier>
    </Filter>
    <Filter Include="Game\05. Level\Stage01\Stage01-2">
      <UniqueIdentifier>{88fe5354-1f3c-46d9-98ba-2172b3966121}</UniqueIdentifier>
    </Filter>
    <Filter Include="Game\05. Level\Stage01\Stage01-3">
      <UniqueIdentifier>{0106d990-4168-47e5-98da-045c27f784ff}</UniqueIdentifier>
    </Filter>
    <Filter Include="Game\05. Level\Stage01\Stage01-4">
      <UniqueIdentifier>{6ba48682-f51b-4c82-a989-7345821c167b}</UniqueIdentifier>
    </Filter>
    <Filter Include="Game\05. Level\Stage01\Stage01-5">
      <UniqueIdentifier>{674ee081-397a-4d61-affe-7d1684797ae1}</UniqueIdentifier>
    </Filter>
    <Filter Include="Game\05. Level\Stage02">
      <UniqueIdentifier>{2da447a4-5d49-4986-9f7a-fa70adcfec0c}</UniqueIdentifier>
    </Filter>
    <Filter Include="Game\05. Level\Stage02\Stage02-1">
      <UniqueIdentifier>{a457eca2-eb57-48a9-80df-255cfe3f2187}</UniqueIdentifier>
    </Filter>
    <Filter Include="Game\05. Level\Stage02\Stage02-2">
      <UniqueIdentifier>{c03cf5e6-e3e0-4f24-a313-c9c7708fec87}</UniqueIdentifier>
    </Filter>
    <Filter Include="Game\05. Level\Stage02\Stage02-3">
      <UniqueIdentifier>{fa00d1dd-2ae1-4357-a3b2-b0d71932036c}</UniqueIdentifier>
    </Filter>
    <Filter Include="Game\05. Level\Stage03">
      <UniqueIdentifier>{ce3a2ef4-6b53-4777-bdf3-fd3122e2d8a7}</UniqueIdentifier>
    </Filter>
    <Filter Include="Game\05. Level\Stage03\Stage03-1">
      <UniqueIdentifier>{36f6ab65-735a-4422-95f8-09f7947c08a4}</UniqueIdentifier>
    </Filter>
    <Filter Include="Game\05. Level\Stage03\Stage03-2">
      <UniqueIdentifier>{a46d8c1f-5d14-4def-8214-bcd67e8e94ad}</UniqueIdentifier>
    </Filter>
    <Filter Include="Game\05. Level\Stage03\Stage03-3">
      <UniqueIdentifier>{09e3e79e-a013-4b26-bd82-e281509ffd5c}</UniqueIdentifier>
    </Filter>
    <Filter Include="Game\04. Object\UI\PenitentUI">
      <UniqueIdentifier>{1395d1c0-82ca-423f-95c2-8d0f03c39638}</UniqueIdentifier>
    </Filter>
    <Filter Include="Game\04. Object\UI\HPUI">
      <UniqueIdentifier>{ca66ade1-e9a8-4815-b05d-8b14f98e733c}</UniqueIdentifier>
    </Filter>
    <Filter Include="Game\04. Object\UI\MPUI">
      <UniqueIdentifier>{9a4ed796-6a4a-4119-93b2-4a31850f4b7f}</UniqueIdentifier>
    </Filter>
    <Filter Include="Game\04. Object\UI\PotionUI">
      <UniqueIdentifier>{5d201be4-4579-4c66-9144-bbfc7b9d3304}</UniqueIdentifier>
    </Filter>
    <Filter Include="Game\04. Object\UI\Tears">
      <UniqueIdentifier>{cfdd7781-d703-4059-8d12-129fa3ecb8af}</UniqueIdentifier>
    </Filter>
    <Filter Include="Game\08. State\Penitent\None">
      <UniqueIdentifier>{f499ce83-1107-45d7-ac3b-7f4bbb1d4a7f}</UniqueIdentifier>
    </Filter>
    <Filter Include="Game\08. State\Penitent\PrayEnd">
      <UniqueIdentifier>{4cb83846-6889-44c1-852a-ab6fc0ddcd72}</UniqueIdentifier>
    </Filter>
    <Filter Include="Game\08. State\Penitent\Standing">
      <UniqueIdentifier>{23f80877-8ec0-46e7-a43a-889265233027}</UniqueIdentifier>
    </Filter>
    <Filter Include="Game\08. State\Penitent\Charging">
      <UniqueIdentifier>{1d19425b-f02d-46e6-8fb6-60373bd3df1e}</UniqueIdentifier>
    </Filter>
    <Filter Include="Game\08. State\Penitent\PrayStart">
      <UniqueIdentifier>{1a0c6413-efc0-497b-bd43-070d6990e48b}</UniqueIdentifier>
    </Filter>
    <Filter Include="Game\08. State\Penitent\Praying">
      <UniqueIdentifier>{d2061d45-5561-4e83-9057-c62bc336ef21}</UniqueIdentifier>
    </Filter>
    <Filter Include="Game\08. State\Penitent\PrayAuraOff">
      <UniqueIdentifier>{19d3e8ad-9d16-4d68-a10e-cf57ce9840af}</UniqueIdentifier>
    </Filter>
    <Filter Include="Game\08. State\Penitent\Climb">
      <UniqueIdentifier>{4e42e114-68d1-4dcb-8687-9a445986d53e}</UniqueIdentifier>
    </Filter>
    <Filter Include="Game\08. State\Penitent\HangOn">
      <UniqueIdentifier>{8a8124f2-7067-45c9-90f4-1562e079a4d0}</UniqueIdentifier>
    </Filter>
    <Filter Include="Game\08. State\Penitent\LadderDown">
      <UniqueIdentifier>{34a24f15-451c-476a-b2e7-481d706f76b8}</UniqueIdentifier>
    </Filter>
    <Filter Include="Game\08. State\Penitent\Ladder">
      <UniqueIdentifier>{18a3bcfb-6de6-4f5b-a98d-72dc1ec591a9}</UniqueIdentifier>
    </Filter>
    <Filter Include="Game\08. State\Penitent\LadderUp">
      <UniqueIdentifier>{41498693-9ff6-45ba-aa52-4b3c213043c9}</UniqueIdentifier>
    </Filter>
    <Filter Include="Game\04. Object\MapObject">
      <UniqueIdentifier>{b52c5f25-05cc-4164-a21d-bdcede8a8954}</UniqueIdentifier>
    </Filter>
    <Filter Include="Game\04. Object\MapObject\Ladder">
      <UniqueIdentifier>{9d17e8e0-513a-43c9-8781-117b3c04ba5f}</UniqueIdentifier>
    </Filter>
    <Filter Include="Game\04. Object\MapObject\Ledge">
      <UniqueIdentifier>{210788b2-a6cb-4570-96de-2caafc9d4977}</UniqueIdentifier>
    </Filter>
    <Filter Include="Game\04. Object\MapObject\BackGround">
      <UniqueIdentifier>{50479dd3-e6e2-44df-bbe1-9359d335ba0f}</UniqueIdentifier>
    </Filter>
    <Filter Include="Game\04. Object\MapObject\Platform">
      <UniqueIdentifier>{68c5c613-b006-4b44-8f12-42e92bf40baa}</UniqueIdentifier>
    </Filter>
    <Filter Include="Game\04. Object\MapObject\DeathObject">
      <UniqueIdentifier>{fd41e6de-c499-460e-80db-f7d191c9e2f8}</UniqueIdentifier>
    </Filter>
    <Filter Include="Game\04. Object\MapObject\Wall">
      <UniqueIdentifier>{2ac2c288-5cd5-47b2-95e1-cc74f5b5ff59}</UniqueIdentifier>
    </Filter>
    <Filter Include="Game\04. Object\MapObject\Candle">
      <UniqueIdentifier>{c499fc80-2c9a-4b91-b9c9-a7d62e8f0efb}</UniqueIdentifier>
    </Filter>
    <Filter Include="Game\04. Object\MapObject\TexObject">
      <UniqueIdentifier>{4099c273-2fa4-4444-b8ff-09cfe1c6ea1f}</UniqueIdentifier>
    </Filter>
    <Filter Include="Game\04. Object\MapObject\priedieu">
      <UniqueIdentifier>{df479a80-05ba-4704-bdf2-c06d71af8a75}</UniqueIdentifier>
    </Filter>
    <Filter Include="Game\04. Object\MapObject\Cage">
      <UniqueIdentifier>{be5216f8-1edd-4cee-8703-19ec010b15d6}</UniqueIdentifier>
    </Filter>
    <Filter Include="Game\04. Object\MapObject\Switch">
      <UniqueIdentifier>{2ec02af9-1325-4b9e-b31a-d880d9c47de9}</UniqueIdentifier>
    </Filter>
    <Filter Include="Game\04. Object\Monster\Normal">
      <UniqueIdentifier>{9cf5b807-34ab-462b-aa1d-cbb2b247a32d}</UniqueIdentifier>
    </Filter>
    <Filter Include="Game\04. Object\Monster\Boss">
      <UniqueIdentifier>{08175bec-0e90-40a0-aa7b-2fd0dae168ad}</UniqueIdentifier>
    </Filter>
    <Filter Include="Game\04. Object\Monster\Normal\FoolKnife">
      <UniqueIdentifier>{73702599-2f5e-4bc0-aef8-041151d1acc4}</UniqueIdentifier>
    </Filter>
    <Filter Include="Game\08. State\FoolKnife">
      <UniqueIdentifier>{425f4b11-f499-40bd-bce2-0d489571580a}</UniqueIdentifier>
    </Filter>
    <Filter Include="Game\08. State\FoolKnife\Idle">
      <UniqueIdentifier>{7864766f-f87e-4deb-8dad-a1f0971171b9}</UniqueIdentifier>
    </Filter>
    <Filter Include="Game\08. State\FoolKnife\Death">
      <UniqueIdentifier>{3995a4fe-d319-400d-9542-d18b12b6329b}</UniqueIdentifier>
    </Filter>
    <Filter Include="Game\08. State\FoolKnife\Walk">
      <UniqueIdentifier>{1969a84a-85b1-4bb0-9ad9-094d0604c7a3}</UniqueIdentifier>
    </Filter>
    <Filter Include="Game\08. State\FoolKnife\Turn">
      <UniqueIdentifier>{e1397891-90a5-4874-ad96-cf05f3e8da41}</UniqueIdentifier>
    </Filter>
    <Filter Include="Game\04. Object\Monster\Normal\Crosscrawler">
      <UniqueIdentifier>{958378e5-eea4-4d93-bb72-f84bbb453e0e}</UniqueIdentifier>
    </Filter>
    <Filter Include="Game\08. State\Croscrawler">
      <UniqueIdentifier>{cd899b4d-408d-4731-b793-1e9eaf124b7f}</UniqueIdentifier>
    </Filter>
    <Filter Include="Game\08. State\Croscrawler\Idle">
      <UniqueIdentifier>{3ee157ea-3787-4183-b856-3cc3750637a0}</UniqueIdentifier>
    </Filter>
    <Filter Include="Game\08. State\Croscrawler\Death">
      <UniqueIdentifier>{aad063d3-acc1-4e22-a68e-09cfe43232ee}</UniqueIdentifier>
    </Filter>
    <Filter Include="Game\08. State\Croscrawler\Turn">
      <UniqueIdentifier>{4d440ffa-c687-41c5-9d0a-552c8bc7e91c}</UniqueIdentifier>
    </Filter>
    <Filter Include="Game\08. State\Croscrawler\Walk">
      <UniqueIdentifier>{aee01121-5474-4eac-a7d6-ff75fa609316}</UniqueIdentifier>
    </Filter>
    <Filter Include="Game\08. State\Croscrawler\Attack">
      <UniqueIdentifier>{2ec20aeb-72a3-42cc-8ddd-038b6c32310a}</UniqueIdentifier>
    </Filter>
    <Filter Include="Game\04. Object\Monster\Normal\LionHead">
      <UniqueIdentifier>{fcb191e6-6c11-44d6-afd0-1f39e8b1e1df}</UniqueIdentifier>
    </Filter>
  </ItemGroup>
  <ItemGroup>
    <ClInclude Include="Client.h">
      <Filter>Default</Filter>
    </ClInclude>
    <ClInclude Include="Resource.h">
      <Filter>Default</Filter>
    </ClInclude>
    <ClInclude Include="targetver.h">
      <Filter>Default</Filter>
    </ClInclude>
    <ClInclude Include="CEngine.h">
      <Filter>Game\02. Engine</Filter>
    </ClInclude>
    <ClInclude Include="define.h">
      <Filter>Game\01. Header</Filter>
    </ClInclude>
    <ClInclude Include="global.h">
      <Filter>Game\01. Header</Filter>
    </ClInclude>
    <ClInclude Include="pch.h">
      <Filter>Default</Filter>
    </ClInclude>
    <ClInclude Include="CObj.h">
      <Filter>Game\04. Object</Filter>
    </ClInclude>
    <ClInclude Include="CLevel.h">
      <Filter>Game\05. Level</Filter>
    </ClInclude>
    <ClInclude Include="struct.h">
      <Filter>Game\01. Header</Filter>
    </ClInclude>
    <ClInclude Include="CTimeMgr.h">
      <Filter>Game\03. Manager\TimeManager</Filter>
    </ClInclude>
    <ClInclude Include="CKeyMgr.h">
      <Filter>Game\03. Manager\KeyManager</Filter>
    </ClInclude>
    <ClInclude Include="CMonster.h">
      <Filter>Game\04. Object\Monster</Filter>
    </ClInclude>
    <ClInclude Include="CLevelMgr.h">
      <Filter>Game\03. Manager\LevelManager</Filter>
    </ClInclude>
    <ClInclude Include="enum.h">
      <Filter>Game\01. Header</Filter>
    </ClInclude>
    <ClInclude Include="CProjectile.h">
      <Filter>Game\04. Object\Projectile</Filter>
    </ClInclude>
    <ClInclude Include="CPathMgr.h">
      <Filter>Game\03. Manager\PathManager</Filter>
    </ClInclude>
    <ClInclude Include="CProjectile1.h">
      <Filter>Game\04. Object\Projectile</Filter>
    </ClInclude>
    <ClInclude Include="CProjectile2.h">
      <Filter>Game\04. Object\Projectile</Filter>
    </ClInclude>
    <ClInclude Include="CProjectile3.h">
      <Filter>Game\04. Object\Projectile</Filter>
    </ClInclude>
    <ClInclude Include="func.h">
      <Filter>Game\01. Header</Filter>
    </ClInclude>
    <ClInclude Include="CEntity.h" />
    <ClInclude Include="CLayer.h">
      <Filter>Game\05. Level</Filter>
    </ClInclude>
    <ClInclude Include="CTaskMgr.h">
      <Filter>Game\03. Manager\TaskManager</Filter>
    </ClInclude>
    <ClInclude Include="CCamera.h">
      <Filter>Game\03. Manager\Camera</Filter>
    </ClInclude>
    <ClInclude Include="CComponent.h">
      <Filter>Game\06. Component</Filter>
    </ClInclude>
    <ClInclude Include="CCollider.h">
      <Filter>Game\06. Component\Collider</Filter>
    </ClInclude>
    <ClInclude Include="CCollisionMgr.h">
      <Filter>Game\03. Manager\CollisionManager</Filter>
    </ClInclude>
    <ClInclude Include="CGCMgr.h">
      <Filter>Game\03. Manager\GCManager</Filter>
    </ClInclude>
    <ClInclude Include="CAsset.h">
      <Filter>Game\07. Asset</Filter>
    </ClInclude>
    <ClInclude Include="CTexture.h">
      <Filter>Game\07. Asset\Texture</Filter>
    </ClInclude>
    <ClInclude Include="CAssetMgr.h">
      <Filter>Game\03. Manager\AssetManager</Filter>
    </ClInclude>
    <ClInclude Include="CSound.h">
      <Filter>Game\07. Asset\Sound</Filter>
    </ClInclude>
    <ClInclude Include="CAnim.h">
      <Filter>Game\06. Component\Animator\Animation</Filter>
    </ClInclude>
    <ClInclude Include="CAnimator.h">
      <Filter>Game\06. Component\Animator</Filter>
    </ClInclude>
    <ClInclude Include="CLogMgr.h">
      <Filter>Game\03. Manager\LogManager</Filter>
    </ClInclude>
    <ClInclude Include="components.h">
      <Filter>Game\01. Header</Filter>
    </ClInclude>
    <ClInclude Include="CMovement.h">
      <Filter>Game\06. Component\Movement</Filter>
    </ClInclude>
    <ClInclude Include="CPlatform.h">
      <Filter>Game\04. Object\MapObject\Platform</Filter>
    </ClInclude>
    <ClInclude Include="CPlayLevel.h">
      <Filter>Game\05. Level\PlayLevel</Filter>
    </ClInclude>
    <ClInclude Include="CTile.h">
      <Filter>Game\04. Object\Tile</Filter>
    </ClInclude>
    <ClInclude Include="CUI.h">
      <Filter>Game\04. Object\UI</Filter>
    </ClInclude>
    <ClInclude Include="CPanelUI.h">
      <Filter>Game\04. Object\UI\PanelUI</Filter>
    </ClInclude>
    <ClInclude Include="CSoundMgr.h">
      <Filter>Game\03. Manager\SoundManager</Filter>
    </ClInclude>
    <ClInclude Include="CStateMachine.h">
      <Filter>Game\06. Component\StateMachine</Filter>
    </ClInclude>
    <ClInclude Include="CState.h">
      <Filter>Game\08. State</Filter>
    </ClInclude>
    <ClInclude Include="CNormalMonIdle.h">
      <Filter>Game\08. State\NormalMonster\Idle</Filter>
    </ClInclude>
    <ClInclude Include="CNormalMonTrace.h">
      <Filter>Game\08. State\NormalMonster\Trace</Filter>
    </ClInclude>
    <ClInclude Include="CTitleLevel.h">
      <Filter>Game\05. Level\TitleLevel</Filter>
    </ClInclude>
    <ClInclude Include="CImage.h">
      <Filter>Game\04. Object\UI\Image</Filter>
    </ClInclude>
    <ClInclude Include="CMainMenuLevel.h">
      <Filter>Game\05. Level\Mainmenu</Filter>
    </ClInclude>
    <ClInclude Include="CSelectBtn.h">
      <Filter>Game\04. Object\UI\SelecBtn</Filter>
    </ClInclude>
    <ClInclude Include="CPenitent.h">
      <Filter>Game\04. Object\Penitent</Filter>
    </ClInclude>
    <ClInclude Include="CPenitentIdle.h">
      <Filter>Game\08. State\Penitent\Idle</Filter>
    </ClInclude>
    <ClInclude Include="CPenitentRun.h">
      <Filter>Game\08. State\Penitent\Run</Filter>
    </ClInclude>
    <ClInclude Include="CPenitentStartRun.h">
      <Filter>Game\08. State\Penitent\StartRun</Filter>
    </ClInclude>
    <ClInclude Include="CPenitentStopRun.h">
      <Filter>Game\08. State\Penitent\StopRun</Filter>
    </ClInclude>
    <ClInclude Include="CPenitentJump.h">
      <Filter>Game\08. State\Penitent\Jump</Filter>
    </ClInclude>
    <ClInclude Include="CPenitentJumpForward.h">
      <Filter>Game\08. State\Penitent\JumpForward</Filter>
    </ClInclude>
    <ClInclude Include="CPenitentFall.h">
      <Filter>Game\08. State\Penitent\Fall</Filter>
    </ClInclude>
    <ClInclude Include="CPenitentFowardFall.h">
      <Filter>Game\08. State\Penitent\ForwardFall</Filter>
    </ClInclude>
    <ClInclude Include="CPenitentAttack.h">
      <Filter>Game\08. State\Penitent\Attack</Filter>
    </ClInclude>
    <ClInclude Include="CPenitentFallingAhead.h">
      <Filter>Game\08. State\Penitent\FallingAhead</Filter>
    </ClInclude>
    <ClInclude Include="CPenitentRising.h">
      <Filter>Game\08. State\Penitent\Rising</Filter>
    </ClInclude>
    <ClInclude Include="CPenitentUpwardATTJump.h">
      <Filter>Game\08. State\Penitent\UpwardAttackJump</Filter>
    </ClInclude>
    <ClInclude Include="CPenitentUpwardATT.h">
      <Filter>Game\08. State\Penitent\UpwardAttack</Filter>
    </ClInclude>
    <ClInclude Include="CPenitentDodgeToRun.h">
      <Filter>Game\08. State\Penitent\DodgeToRun</Filter>
    </ClInclude>
    <ClInclude Include="CPenitentDodge.h">
      <Filter>Game\08. State\Penitent\Dodge</Filter>
    </ClInclude>
    <ClInclude Include="CPenitentJumpAttack.h">
      <Filter>Game\08. State\Penitent\JumpAttack</Filter>
    </ClInclude>
    <ClInclude Include="CPenitentHealthPotion.h">
      <Filter>Game\08. State\Penitent\HealthPotion</Filter>
    </ClInclude>
    <ClInclude Include="CPenitentCrouch.h">
      <Filter>Game\08. State\Penitent\Crouch</Filter>
    </ClInclude>
    <ClInclude Include="CPenitentCrouchUp.h">
      <Filter>Game\08. State\Penitent\CrouchUp</Filter>
    </ClInclude>
    <ClInclude Include="CPenitentCrouchATT.h">
      <Filter>Game\08. State\Penitent\CrouchATT</Filter>
    </ClInclude>
    <ClInclude Include="CPenitentCrouching.h">
      <Filter>Game\08. State\Penitent\Crouching</Filter>
    </ClInclude>
    <ClInclude Include="CPenitentDeath.h">
      <Filter>Game\08. State\Penitent\Death</Filter>
    </ClInclude>
    <ClInclude Include="CStage01_1.h">
      <Filter>Game\05. Level\Stage01\Stage01-1</Filter>
    </ClInclude>
    <ClInclude Include="CBackground.h">
      <Filter>Game\04. Object\MapObject\BackGround</Filter>
    </ClInclude>
    <ClInclude Include="CWall.h">
      <Filter>Game\04. Object\MapObject\Wall</Filter>
    </ClInclude>
    <ClInclude Include="CStage01_2.h">
      <Filter>Game\05. Level\Stage01\Stage01-2</Filter>
    </ClInclude>
    <ClInclude Include="CStage01_3.h">
      <Filter>Game\05. Level\Stage01\Stage01-3</Filter>
    </ClInclude>
    <ClInclude Include="CStage01_4.h">
      <Filter>Game\05. Level\Stage01\Stage01-4</Filter>
    </ClInclude>
    <ClInclude Include="CStage01_5.h">
      <Filter>Game\05. Level\Stage01\Stage01-5</Filter>
    </ClInclude>
    <ClInclude Include="CStage02_1.h">
      <Filter>Game\05. Level\Stage02\Stage02-1</Filter>
    </ClInclude>
    <ClInclude Include="CStage02_2.h">
      <Filter>Game\05. Level\Stage02\Stage02-2</Filter>
    </ClInclude>
    <ClInclude Include="CStage02_3.h">
      <Filter>Game\05. Level\Stage02\Stage02-3</Filter>
    </ClInclude>
    <ClInclude Include="CStage03_1.h">
      <Filter>Game\05. Level\Stage03\Stage03-1</Filter>
    </ClInclude>
    <ClInclude Include="CStage03_2.h">
      <Filter>Game\05. Level\Stage03\Stage03-2</Filter>
    </ClInclude>
    <ClInclude Include="CStage03_3.h">
      <Filter>Game\05. Level\Stage03\Stage03-3</Filter>
    </ClInclude>
    <ClInclude Include="CPenitentUI.h">
      <Filter>Game\04. Object\UI\PenitentUI</Filter>
    </ClInclude>
    <ClInclude Include="CPenitentHP.h">
      <Filter>Game\04. Object\UI\HPUI</Filter>
    </ClInclude>
    <ClInclude Include="CPenitentMP.h">
      <Filter>Game\04. Object\UI\MPUI</Filter>
    </ClInclude>
    <ClInclude Include="CPenitentPotion.h">
      <Filter>Game\04. Object\UI\PotionUI</Filter>
    </ClInclude>
    <ClInclude Include="CTearsUI.h">
      <Filter>Game\04. Object\UI\Tears</Filter>
    </ClInclude>
    <ClInclude Include="CPenitentNone.h">
      <Filter>Game\08. State\Penitent\None</Filter>
    </ClInclude>
    <ClInclude Include="CDeathObj.h">
      <Filter>Game\04. Object\MapObject\DeathObject</Filter>
    </ClInclude>
    <ClInclude Include="CPenitentPrayEnd.h">
      <Filter>Game\08. State\Penitent\PrayEnd</Filter>
    </ClInclude>
    <ClInclude Include="CPenitentStanding.h">
      <Filter>Game\08. State\Penitent\Standing</Filter>
    </ClInclude>
    <ClInclude Include="CPenitentCharging.h">
      <Filter>Game\08. State\Penitent\Charging</Filter>
    </ClInclude>
    <ClInclude Include="CPenitentPrayStart.h">
      <Filter>Game\08. State\Penitent\PrayStart</Filter>
    </ClInclude>
    <ClInclude Include="CPenitentPraying.h">
      <Filter>Game\08. State\Penitent\Praying</Filter>
    </ClInclude>
    <ClInclude Include="CPenitentPrayAuraOff.h">
      <Filter>Game\08. State\Penitent\PrayAuraOff</Filter>
    </ClInclude>
    <ClInclude Include="CPenitentClimb.h">
      <Filter>Game\08. State\Penitent\Climb</Filter>
    </ClInclude>
    <ClInclude Include="CLedge.h">
      <Filter>Game\04. Object\MapObject\Ledge</Filter>
    </ClInclude>
    <ClInclude Include="CPenitentHangOn.h">
      <Filter>Game\08. State\Penitent\HangOn</Filter>
    </ClInclude>
    <ClInclude Include="CPenitentLadder.h">
      <Filter>Game\08. State\Penitent\Ladder</Filter>
    </ClInclude>
    <ClInclude Include="CPenitentLadderUp.h">
      <Filter>Game\08. State\Penitent\LadderUp</Filter>
    </ClInclude>
    <ClInclude Include="CPenitentLadderDown.h">
      <Filter>Game\08. State\Penitent\LadderDown</Filter>
    </ClInclude>
    <ClInclude Include="CLadder.h">
      <Filter>Game\04. Object\MapObject\Ladder</Filter>
    </ClInclude>
    <ClInclude Include="CCandle.h">
      <Filter>Game\04. Object\MapObject\Candle</Filter>
    </ClInclude>
    <ClInclude Include="CTexObj.h">
      <Filter>Game\04. Object\MapObject\TexObject</Filter>
    </ClInclude>
    <ClInclude Include="CPriedieu.h">
      <Filter>Game\04. Object\MapObject\priedieu</Filter>
    </ClInclude>
    <ClInclude Include="CCage.h">
      <Filter>Game\04. Object\MapObject\Cage</Filter>
    </ClInclude>
    <ClInclude Include="CSwitch.h">
      <Filter>Game\04. Object\MapObject\Switch</Filter>
    </ClInclude>
    <ClInclude Include="CFoolKnife.h">
      <Filter>Game\04. Object\Monster\Normal\FoolKnife</Filter>
    </ClInclude>
    <ClInclude Include="CFoolKnifeIdle.h">
      <Filter>Game\08. State\FoolKnife\Idle</Filter>
    </ClInclude>
    <ClInclude Include="CFoolKnifeDeath.h">
      <Filter>Game\08. State\FoolKnife\Death</Filter>
    </ClInclude>
    <ClInclude Include="CFoolKnifeTurn.h">
      <Filter>Game\08. State\FoolKnife\Turn</Filter>
    </ClInclude>
    <ClInclude Include="CFoolKnifeWalk.h">
      <Filter>Game\08. State\FoolKnife\Walk</Filter>
    </ClInclude>
    <ClInclude Include="CCrosscrawler.h">
      <Filter>Game\04. Object\Monster\Normal\Crosscrawler</Filter>
    </ClInclude>
    <ClInclude Include="CCrosscrawlerIdle.h">
      <Filter>Game\08. State\Croscrawler\Idle</Filter>
    </ClInclude>
    <ClInclude Include="CCrosscrawlerDeath.h">
      <Filter>Game\08. State\Croscrawler\Death</Filter>
    </ClInclude>
    <ClInclude Include="CCrosscrawlerAttack.h">
      <Filter>Game\08. State\Croscrawler\Attack</Filter>
    </ClInclude>
    <ClInclude Include="CCrosscrawlerWalk.h">
      <Filter>Game\08. State\Croscrawler\Walk</Filter>
    </ClInclude>
    <ClInclude Include="CCrosscrawlerTurn.h">
      <Filter>Game\08. State\Croscrawler\Turn</Filter>
    </ClInclude>
    <ClInclude Include="CLionhead.h">
      <Filter>Game\04. Object\Monster\Normal\LionHead</Filter>
    </ClInclude>
  </ItemGroup>
  <ItemGroup>
    <ResourceCompile Include="Client.rc">
      <Filter>리소스 파일</Filter>
    </ResourceCompile>
  </ItemGroup>
  <ItemGroup>
    <Image Include="small.ico">
      <Filter>리소스 파일</Filter>
    </Image>
    <Image Include="Client.ico">
      <Filter>리소스 파일</Filter>
    </Image>
  </ItemGroup>
  <ItemGroup>
    <ClCompile Include="main.cpp">
      <Filter>Default</Filter>
    </ClCompile>
    <ClCompile Include="CEngine.cpp">
      <Filter>Game\02. Engine</Filter>
    </ClCompile>
    <ClCompile Include="pch.cpp">
      <Filter>Default</Filter>
    </ClCompile>
    <ClCompile Include="CObj.cpp">
      <Filter>Game\04. Object</Filter>
    </ClCompile>
    <ClCompile Include="CLevel.cpp">
      <Filter>Game\05. Level</Filter>
    </ClCompile>
    <ClCompile Include="CTimeMgr.cpp">
      <Filter>Game\03. Manager\TimeManager</Filter>
    </ClCompile>
    <ClCompile Include="CKeyMgr.cpp">
      <Filter>Game\03. Manager\KeyManager</Filter>
    </ClCompile>
    <ClCompile Include="CMonster.cpp">
      <Filter>Game\04. Object\Monster</Filter>
    </ClCompile>
    <ClCompile Include="CLevelMgr.cpp">
      <Filter>Game\03. Manager\LevelManager</Filter>
    </ClCompile>
    <ClCompile Include="CProjectile.cpp">
      <Filter>Game\04. Object\Projectile</Filter>
    </ClCompile>
    <ClCompile Include="CPathMgr.cpp">
      <Filter>Game\03. Manager\PathManager</Filter>
    </ClCompile>
    <ClCompile Include="CProjectile1.cpp">
      <Filter>Game\04. Object\Projectile</Filter>
    </ClCompile>
    <ClCompile Include="CProjectile2.cpp">
      <Filter>Game\04. Object\Projectile</Filter>
    </ClCompile>
    <ClCompile Include="CProjectile3.cpp">
      <Filter>Game\04. Object\Projectile</Filter>
    </ClCompile>
    <ClCompile Include="func.cpp">
      <Filter>Game\01. Header</Filter>
    </ClCompile>
    <ClCompile Include="CEntity.cpp" />
    <ClCompile Include="CLayer.cpp">
      <Filter>Game\05. Level</Filter>
    </ClCompile>
    <ClCompile Include="CTaskMgr.cpp">
      <Filter>Game\03. Manager\TaskManager</Filter>
    </ClCompile>
    <ClCompile Include="CCamera.cpp">
      <Filter>Game\03. Manager\Camera</Filter>
    </ClCompile>
    <ClCompile Include="CComponent.cpp">
      <Filter>Game\06. Component</Filter>
    </ClCompile>
    <ClCompile Include="CCollider.cpp">
      <Filter>Game\06. Component\Collider</Filter>
    </ClCompile>
    <ClCompile Include="struct.cpp">
      <Filter>Game\01. Header</Filter>
    </ClCompile>
    <ClCompile Include="CCollisionMgr.cpp">
      <Filter>Game\03. Manager\CollisionManager</Filter>
    </ClCompile>
    <ClCompile Include="CGCMgr.cpp">
      <Filter>Game\03. Manager\GCManager</Filter>
    </ClCompile>
    <ClCompile Include="CAsset.cpp">
      <Filter>Game\07. Asset</Filter>
    </ClCompile>
    <ClCompile Include="CTexture.cpp">
      <Filter>Game\07. Asset\Texture</Filter>
    </ClCompile>
    <ClCompile Include="CAssetMgr.cpp">
      <Filter>Game\03. Manager\AssetManager</Filter>
    </ClCompile>
    <ClCompile Include="CSound.cpp">
      <Filter>Game\07. Asset\Sound</Filter>
    </ClCompile>
    <ClCompile Include="CAnim.cpp">
      <Filter>Game\06. Component\Animator\Animation</Filter>
    </ClCompile>
    <ClCompile Include="CAnimator.cpp">
      <Filter>Game\06. Component\Animator</Filter>
    </ClCompile>
    <ClCompile Include="CLogMgr.cpp">
      <Filter>Game\03. Manager\LogManager</Filter>
    </ClCompile>
    <ClCompile Include="CMovement.cpp">
      <Filter>Game\06. Component\Movement</Filter>
    </ClCompile>
    <ClCompile Include="CPlatform.cpp">
      <Filter>Game\04. Object\MapObject\Platform</Filter>
    </ClCompile>
    <ClCompile Include="CPlayLevel.cpp">
      <Filter>Game\05. Level\PlayLevel</Filter>
    </ClCompile>
    <ClCompile Include="CTile.cpp">
      <Filter>Game\04. Object\Tile</Filter>
    </ClCompile>
    <ClCompile Include="CUI.cpp">
      <Filter>Game\04. Object\UI</Filter>
    </ClCompile>
    <ClCompile Include="CPanelUI.cpp">
      <Filter>Game\04. Object\UI\PanelUI</Filter>
    </ClCompile>
    <ClCompile Include="CSoundMgr.cpp">
      <Filter>Game\03. Manager\SoundManager</Filter>
    </ClCompile>
    <ClCompile Include="CStateMachine.cpp">
      <Filter>Game\06. Component\StateMachine</Filter>
    </ClCompile>
    <ClCompile Include="CState.cpp">
      <Filter>Game\08. State</Filter>
    </ClCompile>
    <ClCompile Include="CNormalMonIdle.cpp">
      <Filter>Game\08. State\NormalMonster\Idle</Filter>
    </ClCompile>
    <ClCompile Include="CNormalMonTrace.cpp">
      <Filter>Game\08. State\NormalMonster\Trace</Filter>
    </ClCompile>
    <ClCompile Include="CTitleLevel.cpp">
      <Filter>Game\05. Level\TitleLevel</Filter>
    </ClCompile>
    <ClCompile Include="CImage.cpp">
      <Filter>Game\04. Object\UI\Image</Filter>
    </ClCompile>
    <ClCompile Include="CMainMenuLevel.cpp">
      <Filter>Game\05. Level\Mainmenu</Filter>
    </ClCompile>
    <ClCompile Include="CSelectBtn.cpp">
      <Filter>Game\04. Object\UI\SelecBtn</Filter>
    </ClCompile>
    <ClCompile Include="CPenitent.cpp">
      <Filter>Game\04. Object\Penitent</Filter>
    </ClCompile>
    <ClCompile Include="CPenitentIdle.cpp">
      <Filter>Game\08. State\Penitent\Idle</Filter>
    </ClCompile>
    <ClCompile Include="CPenitentRun.cpp">
      <Filter>Game\08. State\Penitent\Run</Filter>
    </ClCompile>
    <ClCompile Include="CPenitentStartRun.cpp">
      <Filter>Game\08. State\Penitent\StartRun</Filter>
    </ClCompile>
    <ClCompile Include="CPenitentStopRun.cpp">
      <Filter>Game\08. State\Penitent\StopRun</Filter>
    </ClCompile>
    <ClCompile Include="CPenitentJump.cpp">
      <Filter>Game\08. State\Penitent\Jump</Filter>
    </ClCompile>
    <ClCompile Include="CPenitentJumpForward.cpp">
      <Filter>Game\08. State\Penitent\JumpForward</Filter>
    </ClCompile>
    <ClCompile Include="CPenitentFall.cpp">
      <Filter>Game\08. State\Penitent\Fall</Filter>
    </ClCompile>
    <ClCompile Include="CPenitentFowardFall.cpp">
      <Filter>Game\08. State\Penitent\ForwardFall</Filter>
    </ClCompile>
    <ClCompile Include="CPenitentAttack.cpp">
      <Filter>Game\08. State\Penitent\Attack</Filter>
    </ClCompile>
    <ClCompile Include="CPenitentFallingAhead.cpp">
      <Filter>Game\08. State\Penitent\FallingAhead</Filter>
    </ClCompile>
    <ClCompile Include="CPenitentRising.cpp">
      <Filter>Game\08. State\Penitent\Rising</Filter>
    </ClCompile>
    <ClCompile Include="CPenitentUpwardATTJump.cpp">
      <Filter>Game\08. State\Penitent\UpwardAttackJump</Filter>
    </ClCompile>
    <ClCompile Include="CPenitentUpwardATT.cpp">
      <Filter>Game\08. State\Penitent\UpwardAttack</Filter>
    </ClCompile>
    <ClCompile Include="CPenitentDodgeToRun.cpp">
      <Filter>Game\08. State\Penitent\DodgeToRun</Filter>
    </ClCompile>
    <ClCompile Include="CPenitentDodge.cpp">
      <Filter>Game\08. State\Penitent\Dodge</Filter>
    </ClCompile>
    <ClCompile Include="CPenitentJumpAttack.cpp">
      <Filter>Game\08. State\Penitent\JumpAttack</Filter>
    </ClCompile>
    <ClCompile Include="CPenitentHealthPotion.cpp">
      <Filter>Game\08. State\Penitent\HealthPotion</Filter>
    </ClCompile>
    <ClCompile Include="CPenitentCrouch.cpp">
      <Filter>Game\08. State\Penitent\Crouch</Filter>
    </ClCompile>
    <ClCompile Include="CPenitentCrouchUp.cpp">
      <Filter>Game\08. State\Penitent\CrouchUp</Filter>
    </ClCompile>
    <ClCompile Include="CPenitentCrouchATT.cpp">
      <Filter>Game\08. State\Penitent\CrouchATT</Filter>
    </ClCompile>
    <ClCompile Include="CPenitentCrouching.cpp">
      <Filter>Game\08. State\Penitent\Crouching</Filter>
    </ClCompile>
    <ClCompile Include="CPenitentDeath.cpp">
      <Filter>Game\08. State\Penitent\Death</Filter>
    </ClCompile>
    <ClCompile Include="CStage01_1.cpp">
      <Filter>Game\05. Level\Stage01\Stage01-1</Filter>
    </ClCompile>
    <ClCompile Include="CBackground.cpp">
      <Filter>Game\04. Object\MapObject\BackGround</Filter>
    </ClCompile>
    <ClCompile Include="CWall.cpp">
      <Filter>Game\04. Object\MapObject\Wall</Filter>
    </ClCompile>
    <ClCompile Include="CStage01_2.cpp">
      <Filter>Game\05. Level\Stage01\Stage01-2</Filter>
    </ClCompile>
    <ClCompile Include="CStage01_3.cpp">
      <Filter>Game\05. Level\Stage01\Stage01-3</Filter>
    </ClCompile>
    <ClCompile Include="CStage01_4.cpp">
      <Filter>Game\05. Level\Stage01\Stage01-4</Filter>
    </ClCompile>
    <ClCompile Include="CStage01_5.cpp">
      <Filter>Game\05. Level\Stage01\Stage01-5</Filter>
    </ClCompile>
    <ClCompile Include="CStage02_1.cpp">
      <Filter>Game\05. Level\Stage02\Stage02-1</Filter>
    </ClCompile>
    <ClCompile Include="CStage02_2.cpp">
      <Filter>Game\05. Level\Stage02\Stage02-2</Filter>
    </ClCompile>
    <ClCompile Include="CStage02_3.cpp">
      <Filter>Game\05. Level\Stage02\Stage02-3</Filter>
    </ClCompile>
    <ClCompile Include="CStage03_1.cpp">
      <Filter>Game\05. Level\Stage03\Stage03-1</Filter>
    </ClCompile>
    <ClCompile Include="CStage03_2.cpp">
      <Filter>Game\05. Level\Stage03\Stage03-2</Filter>
    </ClCompile>
    <ClCompile Include="CStage03_3.cpp">
      <Filter>Game\05. Level\Stage03\Stage03-3</Filter>
    </ClCompile>
    <ClCompile Include="CPenitentUI.cpp">
      <Filter>Game\04. Object\UI\PenitentUI</Filter>
    </ClCompile>
    <ClCompile Include="CPenitentHP.cpp">
      <Filter>Game\04. Object\UI\HPUI</Filter>
    </ClCompile>
    <ClCompile Include="CPenitentMP.cpp">
      <Filter>Game\04. Object\UI\MPUI</Filter>
    </ClCompile>
    <ClCompile Include="CPenitentPotion.cpp">
      <Filter>Game\04. Object\UI\PotionUI</Filter>
    </ClCompile>
    <ClCompile Include="CTearsUI.cpp">
      <Filter>Game\04. Object\UI\Tears</Filter>
    </ClCompile>
    <ClCompile Include="CPenitentNone.cpp">
      <Filter>Game\08. State\Penitent\None</Filter>
    </ClCompile>
    <ClCompile Include="CDeathObj.cpp">
      <Filter>Game\04. Object\MapObject\DeathObject</Filter>
    </ClCompile>
    <ClCompile Include="CPenitentPrayEnd.cpp">
      <Filter>Game\08. State\Penitent\PrayEnd</Filter>
    </ClCompile>
    <ClCompile Include="CPenitentStanding.cpp">
      <Filter>Game\08. State\Penitent\Standing</Filter>
    </ClCompile>
    <ClCompile Include="CPenitentCharging.cpp">
      <Filter>Game\08. State\Penitent\Charging</Filter>
    </ClCompile>
    <ClCompile Include="CPenitentPrayStart.cpp">
      <Filter>Game\08. State\Penitent\PrayStart</Filter>
    </ClCompile>
    <ClCompile Include="CPenitentPraying.cpp">
      <Filter>Game\08. State\Penitent\Praying</Filter>
    </ClCompile>
    <ClCompile Include="CPenitentPrayAuraOff.cpp">
      <Filter>Game\08. State\Penitent\PrayAuraOff</Filter>
    </ClCompile>
    <ClCompile Include="CPenitentClimb.cpp">
      <Filter>Game\08. State\Penitent\Climb</Filter>
    </ClCompile>
    <ClCompile Include="CLedge.cpp">
      <Filter>Game\04. Object\MapObject\Ledge</Filter>
    </ClCompile>
    <ClCompile Include="CPenitentHangOn.cpp">
      <Filter>Game\08. State\Penitent\HangOn</Filter>
    </ClCompile>
    <ClCompile Include="CPenitentLadder.cpp">
      <Filter>Game\08. State\Penitent\Ladder</Filter>
    </ClCompile>
    <ClCompile Include="CPenitentLadderUp.cpp">
      <Filter>Game\08. State\Penitent\LadderUp</Filter>
    </ClCompile>
    <ClCompile Include="CPenitentLadderDown.cpp">
      <Filter>Game\08. State\Penitent\LadderDown</Filter>
    </ClCompile>
    <ClCompile Include="CLadder.cpp">
      <Filter>Game\04. Object\MapObject\Ladder</Filter>
    </ClCompile>
    <ClCompile Include="CCandle.cpp">
      <Filter>Game\04. Object\MapObject\Candle</Filter>
    </ClCompile>
    <ClCompile Include="CTexObj.cpp">
      <Filter>Game\04. Object\MapObject\TexObject</Filter>
    </ClCompile>
    <ClCompile Include="CPriedieu.cpp">
      <Filter>Game\04. Object\MapObject\priedieu</Filter>
    </ClCompile>
    <ClCompile Include="CCage.cpp">
      <Filter>Game\04. Object\MapObject\Cage</Filter>
    </ClCompile>
    <ClCompile Include="CSwitch.cpp">
      <Filter>Game\04. Object\MapObject\Switch</Filter>
    </ClCompile>
    <ClCompile Include="CFoolKnife.cpp">
      <Filter>Game\04. Object\Monster\Normal\FoolKnife</Filter>
    </ClCompile>
    <ClCompile Include="CFoolKnifeIdle.cpp">
      <Filter>Game\08. State\FoolKnife\Idle</Filter>
    </ClCompile>
    <ClCompile Include="CFoolKnifeDeath.cpp">
      <Filter>Game\08. State\FoolKnife\Death</Filter>
    </ClCompile>
    <ClCompile Include="CFoolKnifeTurn.cpp">
      <Filter>Game\08. State\FoolKnife\Turn</Filter>
    </ClCompile>
    <ClCompile Include="CFoolKnifeWalk.cpp">
      <Filter>Game\08. State\FoolKnife\Walk</Filter>
    </ClCompile>
    <ClCompile Include="CCrosscrawler.cpp">
      <Filter>Game\04. Object\Monster\Normal\Crosscrawler</Filter>
    </ClCompile>
    <ClCompile Include="CCrosscrawlerIdle.cpp">
      <Filter>Game\08. State\Croscrawler\Idle</Filter>
    </ClCompile>
    <ClCompile Include="CCrosscrawlerDeath.cpp">
      <Filter>Game\08. State\Croscrawler\Death</Filter>
    </ClCompile>
    <ClCompile Include="CCrosscrawlerAttack.cpp">
      <Filter>Game\08. State\Croscrawler\Attack</Filter>
    </ClCompile>
    <ClCompile Include="CCrosscrawlerWalk.cpp">
      <Filter>Game\08. State\Croscrawler\Walk</Filter>
    </ClCompile>
    <ClCompile Include="CCrosscrawlerTurn.cpp">
      <Filter>Game\08. State\Croscrawler\Turn</Filter>
    </ClCompile>
    <ClCompile Include="CLionhead.cpp">
      <Filter>Game\04. Object\Monster\Normal\LionHead</Filter>
    </ClCompile>
  </ItemGroup>
</Project>